
Microsoft Visual Studio Solution File, Format Version 12.00
# Visual Studio 15
VisualStudioVersion = 15.0.26430.14
MinimumVisualStudioVersion = 10.0.40219.1
Project("{FAE04EC0-301F-11D3-BF4B-00C04F79EFBC}") = "COMP123-S2017-Lesson9A", "COMP123-S2017-Lesson9A\COMP123-S2017-Lesson9A.csproj", "{E612C8D3-9DFE-4785-BDBE-481DBBC7F049}"
EndProject
Global
	GlobalSection(SolutionConfigurationPlatforms) = preSolution
		Debug|Any CPU = Debug|Any CPU
		Release|Any CPU = Release|Any CPU
	EndGlobalSection
	GlobalSection(ProjectConfigurationPlatforms) = postSolution
		{E612C8D3-9DFE-4785-BDBE-481DBBC7F049}.Debug|Any CPU.ActiveCfg = Debug|Any CPU
		{E612C8D3-9DFE-4785-BDBE-481DBBC7F049}.Debug|Any CPU.Build.0 = Debug|Any CPU
		{E612C8D3-9DFE-4785-BDBE-481DBBC7F049}.Release|Any CPU.ActiveCfg = Release|Any CPU
		{E612C8D3-9DFE-4785-BDBE-481DBBC7F049}.Release|Any CPU.Build.0 = Release|Any CPU
	EndGlobalSection
	GlobalSection(SolutionProperties) = preSolution
		HideSolutionNode = FALSE
	EndGlobalSection
EndGlobal
